
Microsoft Visual Studio Solution File, Format Version 12.00
# Visual Studio Version 16
VisualStudioVersion = 16.0.29201.188
MinimumVisualStudioVersion = 10.0.40219.1
Project("{FAE04EC0-301F-11D3-BF4B-00C04F79EFBC}") = "MissLibraConsule", "MissLibraConsule\MissLibraConsule.csproj", "{1E7BF540-D726-47F9-A0C6-16FC62543FDB}"
EndProject
Project("{FAE04EC0-301F-11D3-BF4B-00C04F79EFBC}") = "Framework", "Framework\Framework.csproj", "{7C648067-B5A1-4700-A745-FB150A492003}"
EndProject
Global
	GlobalSection(SolutionConfigurationPlatforms) = preSolution
		Debug|Any CPU = Debug|Any CPU
		Release|Any CPU = Release|Any CPU
	EndGlobalSection
	GlobalSection(ProjectConfigurationPlatforms) = postSolution
		{1E7BF540-D726-47F9-A0C6-16FC62543FDB}.Debug|Any CPU.ActiveCfg = Debug|Any CPU
		{1E7BF540-D726-47F9-A0C6-16FC62543FDB}.Debug|Any CPU.Build.0 = Debug|Any CPU
		{1E7BF540-D726-47F9-A0C6-16FC62543FDB}.Release|Any CPU.ActiveCfg = Release|Any CPU
		{1E7BF540-D726-47F9-A0C6-16FC62543FDB}.Release|Any CPU.Build.0 = Release|Any CPU
		{7C648067-B5A1-4700-A745-FB150A492003}.Debug|Any CPU.ActiveCfg = Debug|Any CPU
		{7C648067-B5A1-4700-A745-FB150A492003}.Debug|Any CPU.Build.0 = Debug|Any CPU
		{7C648067-B5A1-4700-A745-FB150A492003}.Release|Any CPU.ActiveCfg = Release|Any CPU
		{7C648067-B5A1-4700-A745-FB150A492003}.Release|Any CPU.Build.0 = Release|Any CPU
	EndGlobalSection
	GlobalSection(SolutionProperties) = preSolution
		HideSolutionNode = FALSE
	EndGlobalSection
	GlobalSection(ExtensibilityGlobals) = postSolution
		SolutionGuid = {C31480CE-821E-4887-9526-9BD45848294F}
	EndGlobalSection
EndGlobal
